{
  "name": "daily-fe-js",
  "version": "1.0.0",
  "lockfileVersion": 1,
  "requires": true,
  "dependencies": {
    "core-decorators": {
      "version": "0.20.0",
      "resolved": "http://nodepackages.hellobike.cn:4873/core-decorators/-/core-decorators-0.20.0.tgz",
      "integrity": "sha1-YFiWYkBTr4wo775zXCWjAaYcZcU="
    }
  }
}
